{
  "version": 4,
  "terraform_version": "1.1.5",
  "serial": 22,
  "lineage": "bfba075e-3cdb-1da6-3baa-48b341a945b6",
  "outputs": {},
  "resources": [
    {
      "mode": "managed",
      "type": "azurerm_linux_virtual_machine",
      "name": "VMs",
      "provider": "provider[\"registry.terraform.io/hashicorp/azurerm\"]",
      "instances": [
        {
          "index_key": 0,
          "schema_version": 0,
          "attributes": {
            "additional_capabilities": [],
            "admin_password": null,
            "admin_ssh_key": [
              {
                "public_key": "ssh-rsa AAAAB3NzaC1yc2EAAAADAQABAAABgQChoLsrBKN9/1h/nkkwGmlvkMlUN00xcvz9Qol/E3ctK1QJDjVHEoryKfAPxk5pfQNl6f7fKlEifB67lj7U+DOZAWPNr+RDTPfrazpzOjZ3CliuxSMrQ0ssqk0eP8ozM7jjLSzwqIbJsNRuTRhHzY2DQPJfZmQnHgzHfhQ/8Z6xIw/7VgGc5c3dJJk++g2Feh7yBlSRIz1ZjiCPpTV5S+4eTZ3iyDhn2y5msOKz/w3exHpmUJS7P7jVfYWYKwhgwYiVCjlGPFYpbCjxGXz8GLFSuj9G6jZaalmK9r/ZuZ1UW3K+sn7DOst5PFI/Q7yhFr38L955SxETIBq1jvqXOdRCZyesGrGyRPaSd7NWCm9LZycWOsznVoXSVeHKsk/FcRi7NuAKWGV8eGLkntVYzjp/xvVmyMa0qUsUIliKojJRhcS1xCxfrwwhty87gKL4eDhqrBHzxbpg6xXYKfLnRGG8BVUN8IcREnoSC6+pwFpbgYiV0Q6tiDQScarhOFCWRKk= betica\\frodrigue53m@C07-INF-PACOW10\r\n",
                "username": "adminUsername"
              }
            ],
            "admin_username": "adminUsername",
            "allow_extension_operations": true,
            "availability_set_id": "",
            "boot_diagnostics": [
              {
                "storage_account_uri": "https://staccountcp2fr770.blob.core.windows.net/"
              }
            ],
            "computer_name": "K8master",
            "custom_data": null,
            "dedicated_host_id": "",
            "disable_password_authentication": true,
            "encryption_at_host_enabled": false,
            "eviction_policy": "",
            "extensions_time_budget": "PT1H30M",
            "id": "/subscriptions/b7a988b6-bf36-4262-9264-885c2c07cf93/resourceGroups/rggroupcp2fr770/providers/Microsoft.Compute/virtualMachines/K8master",
            "identity": [],
            "location": "westeurope",
            "max_bid_price": -1,
            "name": "K8master",
            "network_interface_ids": [
              "/subscriptions/b7a988b6-bf36-4262-9264-885c2c07cf93/resourceGroups/rggroupcp2fr770/providers/Microsoft.Network/networkInterfaces/nic-K8master"
            ],
            "os_disk": [
              {
                "caching": "ReadWrite",
                "diff_disk_settings": [],
                "disk_encryption_set_id": "",
                "disk_size_gb": 30,
                "name": "K8master_OsDisk_1_5fc6b2023d7f47c4a60140de72f49c5d",
                "storage_account_type": "Standard_LRS",
                "write_accelerator_enabled": false
              }
            ],
            "plan": [
              {
                "name": "centos-8-stream-free",
                "product": "centos-8-stream-free",
                "publisher": "cognosys"
              }
            ],
            "priority": "Regular",
            "private_ip_address": "10.0.1.10",
            "private_ip_addresses": [
              "10.0.1.10"
            ],
            "provision_vm_agent": true,
            "proximity_placement_group_id": "",
            "public_ip_address": "20.61.205.193",
            "public_ip_addresses": [
              "20.61.205.193"
            ],
            "resource_group_name": "rggroupcp2fr770",
            "secret": [],
            "size": "Standard_D1_v2",
            "source_image_id": "",
            "source_image_reference": [
              {
                "offer": "centos-8-stream-free",
                "publisher": "cognosys",
                "sku": "centos-8-stream-free",
                "version": "1.2019.0810"
              }
            ],
            "tags": {
              "environment": "CP2"
            },
            "timeouts": null,
            "virtual_machine_id": "f3a47f71-8403-4e8b-a2c5-375e943eb445",
            "virtual_machine_scale_set_id": "",
            "zone": ""
          },
          "sensitive_attributes": [],
          "private": "eyJlMmJmYjczMC1lY2FhLTExZTYtOGY4OC0zNDM2M2JjN2M0YzAiOnsiY3JlYXRlIjoyNzAwMDAwMDAwMDAwLCJkZWxldGUiOjI3MDAwMDAwMDAwMDAsInJlYWQiOjMwMDAwMDAwMDAwMCwidXBkYXRlIjoyNzAwMDAwMDAwMDAwfX0=",
          "dependencies": [
            "azurerm_network_interface.myNic1",
            "azurerm_public_ip.myPublicIp1",
            "azurerm_resource_group.rg",
            "azurerm_storage_account.stAccount",
            "azurerm_subnet.mySubnet",
            "azurerm_virtual_network.myNet"
          ]
        },
        {
          "index_key": 1,
          "schema_version": 0,
          "attributes": {
            "additional_capabilities": [],
            "admin_password": null,
            "admin_ssh_key": [
              {
                "public_key": "ssh-rsa AAAAB3NzaC1yc2EAAAADAQABAAABgQChoLsrBKN9/1h/nkkwGmlvkMlUN00xcvz9Qol/E3ctK1QJDjVHEoryKfAPxk5pfQNl6f7fKlEifB67lj7U+DOZAWPNr+RDTPfrazpzOjZ3CliuxSMrQ0ssqk0eP8ozM7jjLSzwqIbJsNRuTRhHzY2DQPJfZmQnHgzHfhQ/8Z6xIw/7VgGc5c3dJJk++g2Feh7yBlSRIz1ZjiCPpTV5S+4eTZ3iyDhn2y5msOKz/w3exHpmUJS7P7jVfYWYKwhgwYiVCjlGPFYpbCjxGXz8GLFSuj9G6jZaalmK9r/ZuZ1UW3K+sn7DOst5PFI/Q7yhFr38L955SxETIBq1jvqXOdRCZyesGrGyRPaSd7NWCm9LZycWOsznVoXSVeHKsk/FcRi7NuAKWGV8eGLkntVYzjp/xvVmyMa0qUsUIliKojJRhcS1xCxfrwwhty87gKL4eDhqrBHzxbpg6xXYKfLnRGG8BVUN8IcREnoSC6+pwFpbgYiV0Q6tiDQScarhOFCWRKk= betica\\frodrigue53m@C07-INF-PACOW10\r\n",
                "username": "adminUsername"
              }
            ],
            "admin_username": "adminUsername",
            "allow_extension_operations": true,
            "availability_set_id": "",
            "boot_diagnostics": [
              {
                "storage_account_uri": "https://staccountcp2fr770.blob.core.windows.net/"
              }
            ],
            "computer_name": "K8node01",
            "custom_data": null,
            "dedicated_host_id": "",
            "disable_password_authentication": true,
            "encryption_at_host_enabled": false,
            "eviction_policy": "",
            "extensions_time_budget": "PT1H30M",
            "id": "/subscriptions/b7a988b6-bf36-4262-9264-885c2c07cf93/resourceGroups/rggroupcp2fr770/providers/Microsoft.Compute/virtualMachines/K8node01",
            "identity": [],
            "location": "westeurope",
            "max_bid_price": -1,
            "name": "K8node01",
            "network_interface_ids": [
              "/subscriptions/b7a988b6-bf36-4262-9264-885c2c07cf93/resourceGroups/rggroupcp2fr770/providers/Microsoft.Network/networkInterfaces/nic-K8node01"
            ],
            "os_disk": [
              {
                "caching": "ReadWrite",
                "diff_disk_settings": [],
                "disk_encryption_set_id": "",
                "disk_size_gb": 30,
                "name": "K8node01_OsDisk_1_86aa9e41ef1042bc8172ff992d9ed626",
                "storage_account_type": "Standard_LRS",
                "write_accelerator_enabled": false
              }
            ],
            "plan": [
              {
                "name": "centos-8-stream-free",
                "product": "centos-8-stream-free",
                "publisher": "cognosys"
              }
            ],
            "priority": "Regular",
            "private_ip_address": "10.0.1.11",
            "private_ip_addresses": [
              "10.0.1.11"
            ],
            "provision_vm_agent": true,
            "proximity_placement_group_id": "",
            "public_ip_address": "20.61.205.150",
            "public_ip_addresses": [
              "20.61.205.150"
            ],
            "resource_group_name": "rggroupcp2fr770",
            "secret": [],
            "size": "Standard_D1_v2",
            "source_image_id": "",
            "source_image_reference": [
              {
                "offer": "centos-8-stream-free",
                "publisher": "cognosys",
                "sku": "centos-8-stream-free",
                "version": "1.2019.0810"
              }
            ],
            "tags": {
              "environment": "CP2"
            },
            "timeouts": null,
            "virtual_machine_id": "ae58085c-5bd0-42bf-8696-1746602279b8",
            "virtual_machine_scale_set_id": "",
            "zone": ""
          },
          "sensitive_attributes": [],
          "private": "eyJlMmJmYjczMC1lY2FhLTExZTYtOGY4OC0zNDM2M2JjN2M0YzAiOnsiY3JlYXRlIjoyNzAwMDAwMDAwMDAwLCJkZWxldGUiOjI3MDAwMDAwMDAwMDAsInJlYWQiOjMwMDAwMDAwMDAwMCwidXBkYXRlIjoyNzAwMDAwMDAwMDAwfX0=",
          "dependencies": [
            "azurerm_network_interface.myNic1",
            "azurerm_public_ip.myPublicIp1",
            "azurerm_resource_group.rg",
            "azurerm_storage_account.stAccount",
            "azurerm_subnet.mySubnet",
            "azurerm_virtual_network.myNet"
          ]
        },
        {
          "index_key": 2,
          "schema_version": 0,
          "attributes": {
            "additional_capabilities": [],
            "admin_password": null,
            "admin_ssh_key": [
              {
                "public_key": "ssh-rsa AAAAB3NzaC1yc2EAAAADAQABAAABgQChoLsrBKN9/1h/nkkwGmlvkMlUN00xcvz9Qol/E3ctK1QJDjVHEoryKfAPxk5pfQNl6f7fKlEifB67lj7U+DOZAWPNr+RDTPfrazpzOjZ3CliuxSMrQ0ssqk0eP8ozM7jjLSzwqIbJsNRuTRhHzY2DQPJfZmQnHgzHfhQ/8Z6xIw/7VgGc5c3dJJk++g2Feh7yBlSRIz1ZjiCPpTV5S+4eTZ3iyDhn2y5msOKz/w3exHpmUJS7P7jVfYWYKwhgwYiVCjlGPFYpbCjxGXz8GLFSuj9G6jZaalmK9r/ZuZ1UW3K+sn7DOst5PFI/Q7yhFr38L955SxETIBq1jvqXOdRCZyesGrGyRPaSd7NWCm9LZycWOsznVoXSVeHKsk/FcRi7NuAKWGV8eGLkntVYzjp/xvVmyMa0qUsUIliKojJRhcS1xCxfrwwhty87gKL4eDhqrBHzxbpg6xXYKfLnRGG8BVUN8IcREnoSC6+pwFpbgYiV0Q6tiDQScarhOFCWRKk= betica\\frodrigue53m@C07-INF-PACOW10\r\n",
                "username": "adminUsername"
              }
            ],
            "admin_username": "adminUsername",
            "allow_extension_operations": true,
            "availability_set_id": "",
            "boot_diagnostics": [
              {
                "storage_account_uri": "https://staccountcp2fr770.blob.core.windows.net/"
              }
            ],
            "computer_name": "K8node02",
            "custom_data": null,
            "dedicated_host_id": "",
            "disable_password_authentication": true,
            "encryption_at_host_enabled": false,
            "eviction_policy": "",
            "extensions_time_budget": "PT1H30M",
            "id": "/subscriptions/b7a988b6-bf36-4262-9264-885c2c07cf93/resourceGroups/rggroupcp2fr770/providers/Microsoft.Compute/virtualMachines/K8node02",
            "identity": [],
            "location": "westeurope",
            "max_bid_price": -1,
            "name": "K8node02",
            "network_interface_ids": [
              "/subscriptions/b7a988b6-bf36-4262-9264-885c2c07cf93/resourceGroups/rggroupcp2fr770/providers/Microsoft.Network/networkInterfaces/nic-K8node02"
            ],
            "os_disk": [
              {
                "caching": "ReadWrite",
                "diff_disk_settings": [],
                "disk_encryption_set_id": "",
                "disk_size_gb": 30,
                "name": "K8node02_OsDisk_1_468d40ec16514a78916e9fb9740b9c5a",
                "storage_account_type": "Standard_LRS",
                "write_accelerator_enabled": false
              }
            ],
            "plan": [
              {
                "name": "centos-8-stream-free",
                "product": "centos-8-stream-free",
                "publisher": "cognosys"
              }
            ],
            "priority": "Regular",
            "private_ip_address": "10.0.1.12",
            "private_ip_addresses": [
              "10.0.1.12"
            ],
            "provision_vm_agent": true,
            "proximity_placement_group_id": "",
            "public_ip_address": "20.61.201.152",
            "public_ip_addresses": [
              "20.61.201.152"
            ],
            "resource_group_name": "rggroupcp2fr770",
            "secret": [],
            "size": "Standard_D1_v2",
            "source_image_id": "",
            "source_image_reference": [
              {
                "offer": "centos-8-stream-free",
                "publisher": "cognosys",
                "sku": "centos-8-stream-free",
                "version": "1.2019.0810"
              }
            ],
            "tags": {
              "environment": "CP2"
            },
            "timeouts": null,
            "virtual_machine_id": "77932112-6398-4a80-8934-7732b5665c8a",
            "virtual_machine_scale_set_id": "",
            "zone": ""
          },
          "sensitive_attributes": [],
          "private": "eyJlMmJmYjczMC1lY2FhLTExZTYtOGY4OC0zNDM2M2JjN2M0YzAiOnsiY3JlYXRlIjoyNzAwMDAwMDAwMDAwLCJkZWxldGUiOjI3MDAwMDAwMDAwMDAsInJlYWQiOjMwMDAwMDAwMDAwMCwidXBkYXRlIjoyNzAwMDAwMDAwMDAwfX0=",
          "dependencies": [
            "azurerm_network_interface.myNic1",
            "azurerm_public_ip.myPublicIp1",
            "azurerm_resource_group.rg",
            "azurerm_storage_account.stAccount",
            "azurerm_subnet.mySubnet",
            "azurerm_virtual_network.myNet"
          ]
        },
        {
          "index_key": 3,
          "schema_version": 0,
          "attributes": {
            "additional_capabilities": [],
            "admin_password": null,
            "admin_ssh_key": [
              {
                "public_key": "ssh-rsa AAAAB3NzaC1yc2EAAAADAQABAAABgQChoLsrBKN9/1h/nkkwGmlvkMlUN00xcvz9Qol/E3ctK1QJDjVHEoryKfAPxk5pfQNl6f7fKlEifB67lj7U+DOZAWPNr+RDTPfrazpzOjZ3CliuxSMrQ0ssqk0eP8ozM7jjLSzwqIbJsNRuTRhHzY2DQPJfZmQnHgzHfhQ/8Z6xIw/7VgGc5c3dJJk++g2Feh7yBlSRIz1ZjiCPpTV5S+4eTZ3iyDhn2y5msOKz/w3exHpmUJS7P7jVfYWYKwhgwYiVCjlGPFYpbCjxGXz8GLFSuj9G6jZaalmK9r/ZuZ1UW3K+sn7DOst5PFI/Q7yhFr38L955SxETIBq1jvqXOdRCZyesGrGyRPaSd7NWCm9LZycWOsznVoXSVeHKsk/FcRi7NuAKWGV8eGLkntVYzjp/xvVmyMa0qUsUIliKojJRhcS1xCxfrwwhty87gKL4eDhqrBHzxbpg6xXYKfLnRGG8BVUN8IcREnoSC6+pwFpbgYiV0Q6tiDQScarhOFCWRKk= betica\\frodrigue53m@C07-INF-PACOW10\r\n",
                "username": "adminUsername"
              }
            ],
            "admin_username": "adminUsername",
            "allow_extension_operations": true,
            "availability_set_id": "",
            "boot_diagnostics": [
              {
                "storage_account_uri": "https://staccountcp2fr770.blob.core.windows.net/"
              }
            ],
            "computer_name": "nfs",
            "custom_data": null,
            "dedicated_host_id": "",
            "disable_password_authentication": true,
            "encryption_at_host_enabled": false,
            "eviction_policy": "",
            "extensions_time_budget": "PT1H30M",
            "id": "/subscriptions/b7a988b6-bf36-4262-9264-885c2c07cf93/resourceGroups/rggroupcp2fr770/providers/Microsoft.Compute/virtualMachines/nfs",
            "identity": [],
            "location": "westeurope",
            "max_bid_price": -1,
            "name": "nfs",
            "network_interface_ids": [
              "/subscriptions/b7a988b6-bf36-4262-9264-885c2c07cf93/resourceGroups/rggroupcp2fr770/providers/Microsoft.Network/networkInterfaces/nic-nfs"
            ],
            "os_disk": [
              {
                "caching": "ReadWrite",
                "diff_disk_settings": [],
                "disk_encryption_set_id": "",
                "disk_size_gb": 30,
                "name": "nfs_OsDisk_1_6c6b6c1d6f464307926fc63cf1b6be1c",
                "storage_account_type": "Standard_LRS",
                "write_accelerator_enabled": false
              }
            ],
            "plan": [
              {
                "name": "centos-8-stream-free",
                "product": "centos-8-stream-free",
                "publisher": "cognosys"
              }
            ],
            "priority": "Regular",
            "private_ip_address": "10.0.1.13",
            "private_ip_addresses": [
              "10.0.1.13"
            ],
            "provision_vm_agent": true,
            "proximity_placement_group_id": "",
            "public_ip_address": "20.61.201.143",
            "public_ip_addresses": [
              "20.61.201.143"
            ],
            "resource_group_name": "rggroupcp2fr770",
            "secret": [],
            "size": "Standard_D1_v2",
            "source_image_id": "",
            "source_image_reference": [
              {
                "offer": "centos-8-stream-free",
                "publisher": "cognosys",
                "sku": "centos-8-stream-free",
                "version": "1.2019.0810"
              }
            ],
            "tags": {
              "environment": "CP2"
            },
            "timeouts": null,
            "virtual_machine_id": "b5854d1f-3e45-4e65-862a-6181b4e75cc0",
            "virtual_machine_scale_set_id": "",
            "zone": ""
          },
          "sensitive_attributes": [],
          "private": "eyJlMmJmYjczMC1lY2FhLTExZTYtOGY4OC0zNDM2M2JjN2M0YzAiOnsiY3JlYXRlIjoyNzAwMDAwMDAwMDAwLCJkZWxldGUiOjI3MDAwMDAwMDAwMDAsInJlYWQiOjMwMDAwMDAwMDAwMCwidXBkYXRlIjoyNzAwMDAwMDAwMDAwfX0=",
          "dependencies": [
            "azurerm_network_interface.myNic1",
            "azurerm_public_ip.myPublicIp1",
            "azurerm_resource_group.rg",
            "azurerm_storage_account.stAccount",
            "azurerm_subnet.mySubnet",
            "azurerm_virtual_network.myNet"
          ]
        }
      ]
    },
    {
      "mode": "managed",
      "type": "azurerm_network_interface",
      "name": "myNic1",
      "provider": "provider[\"registry.terraform.io/hashicorp/azurerm\"]",
      "instances": [
        {
          "index_key": 0,
          "schema_version": 0,
          "attributes": {
            "applied_dns_servers": [],
            "dns_servers": [],
            "enable_accelerated_networking": false,
            "enable_ip_forwarding": false,
            "id": "/subscriptions/b7a988b6-bf36-4262-9264-885c2c07cf93/resourceGroups/rggroupcp2fr770/providers/Microsoft.Network/networkInterfaces/nic-K8master",
            "internal_dns_name_label": "",
            "internal_domain_name_suffix": "ouvhpefahihuxmhk15sovmlvlh.ax.internal.cloudapp.net",
            "ip_configuration": [
              {
                "name": "ipconf-K8master",
                "primary": true,
                "private_ip_address": "10.0.1.10",
                "private_ip_address_allocation": "Static",
                "private_ip_address_version": "IPv4",
                "public_ip_address_id": "/subscriptions/b7a988b6-bf36-4262-9264-885c2c07cf93/resourceGroups/rggroupcp2fr770/providers/Microsoft.Network/publicIPAddresses/vmip-K8master",
                "subnet_id": "/subscriptions/b7a988b6-bf36-4262-9264-885c2c07cf93/resourceGroups/rggroupcp2fr770/providers/Microsoft.Network/virtualNetworks/kubernetesnet/subnets/terraformsubnet"
              }
            ],
            "location": "westeurope",
            "mac_address": "",
            "name": "nic-K8master",
            "private_ip_address": "10.0.1.10",
            "private_ip_addresses": [
              "10.0.1.10"
            ],
            "resource_group_name": "rggroupcp2fr770",
            "tags": {
              "environment": "CP2"
            },
            "timeouts": null,
            "virtual_machine_id": ""
          },
          "sensitive_attributes": [],
          "private": "eyJlMmJmYjczMC1lY2FhLTExZTYtOGY4OC0zNDM2M2JjN2M0YzAiOnsiY3JlYXRlIjoxODAwMDAwMDAwMDAwLCJkZWxldGUiOjE4MDAwMDAwMDAwMDAsInJlYWQiOjMwMDAwMDAwMDAwMCwidXBkYXRlIjoxODAwMDAwMDAwMDAwfX0=",
          "dependencies": [
            "azurerm_public_ip.myPublicIp1",
            "azurerm_resource_group.rg",
            "azurerm_subnet.mySubnet",
            "azurerm_virtual_network.myNet"
          ]
        },
        {
          "index_key": 1,
          "schema_version": 0,
          "attributes": {
            "applied_dns_servers": [],
            "dns_servers": [],
            "enable_accelerated_networking": false,
            "enable_ip_forwarding": false,
            "id": "/subscriptions/b7a988b6-bf36-4262-9264-885c2c07cf93/resourceGroups/rggroupcp2fr770/providers/Microsoft.Network/networkInterfaces/nic-K8node01",
            "internal_dns_name_label": "",
            "internal_domain_name_suffix": "ouvhpefahihuxmhk15sovmlvlh.ax.internal.cloudapp.net",
            "ip_configuration": [
              {
                "name": "ipconf-K8node01",
                "primary": true,
                "private_ip_address": "10.0.1.11",
                "private_ip_address_allocation": "Static",
                "private_ip_address_version": "IPv4",
                "public_ip_address_id": "/subscriptions/b7a988b6-bf36-4262-9264-885c2c07cf93/resourceGroups/rggroupcp2fr770/providers/Microsoft.Network/publicIPAddresses/vmip-K8node01",
                "subnet_id": "/subscriptions/b7a988b6-bf36-4262-9264-885c2c07cf93/resourceGroups/rggroupcp2fr770/providers/Microsoft.Network/virtualNetworks/kubernetesnet/subnets/terraformsubnet"
              }
            ],
            "location": "westeurope",
            "mac_address": "",
            "name": "nic-K8node01",
            "private_ip_address": "10.0.1.11",
            "private_ip_addresses": [
              "10.0.1.11"
            ],
            "resource_group_name": "rggroupcp2fr770",
            "tags": {
              "environment": "CP2"
            },
            "timeouts": null,
            "virtual_machine_id": ""
          },
          "sensitive_attributes": [],
          "private": "eyJlMmJmYjczMC1lY2FhLTExZTYtOGY4OC0zNDM2M2JjN2M0YzAiOnsiY3JlYXRlIjoxODAwMDAwMDAwMDAwLCJkZWxldGUiOjE4MDAwMDAwMDAwMDAsInJlYWQiOjMwMDAwMDAwMDAwMCwidXBkYXRlIjoxODAwMDAwMDAwMDAwfX0=",
          "dependencies": [
            "azurerm_public_ip.myPublicIp1",
            "azurerm_resource_group.rg",
            "azurerm_subnet.mySubnet",
            "azurerm_virtual_network.myNet"
          ]
        },
        {
          "index_key": 2,
          "schema_version": 0,
          "attributes": {
            "applied_dns_servers": [],
            "dns_servers": [],
            "enable_accelerated_networking": false,
            "enable_ip_forwarding": false,
            "id": "/subscriptions/b7a988b6-bf36-4262-9264-885c2c07cf93/resourceGroups/rggroupcp2fr770/providers/Microsoft.Network/networkInterfaces/nic-K8node02",
            "internal_dns_name_label": "",
            "internal_domain_name_suffix": "ouvhpefahihuxmhk15sovmlvlh.ax.internal.cloudapp.net",
            "ip_configuration": [
              {
                "name": "ipconf-K8node02",
                "primary": true,
                "private_ip_address": "10.0.1.12",
                "private_ip_address_allocation": "Static",
                "private_ip_address_version": "IPv4",
                "public_ip_address_id": "/subscriptions/b7a988b6-bf36-4262-9264-885c2c07cf93/resourceGroups/rggroupcp2fr770/providers/Microsoft.Network/publicIPAddresses/vmip-K8node02",
                "subnet_id": "/subscriptions/b7a988b6-bf36-4262-9264-885c2c07cf93/resourceGroups/rggroupcp2fr770/providers/Microsoft.Network/virtualNetworks/kubernetesnet/subnets/terraformsubnet"
              }
            ],
            "location": "westeurope",
            "mac_address": "",
            "name": "nic-K8node02",
            "private_ip_address": "10.0.1.12",
            "private_ip_addresses": [
              "10.0.1.12"
            ],
            "resource_group_name": "rggroupcp2fr770",
            "tags": {
              "environment": "CP2"
            },
            "timeouts": null,
            "virtual_machine_id": ""
          },
          "sensitive_attributes": [],
          "private": "eyJlMmJmYjczMC1lY2FhLTExZTYtOGY4OC0zNDM2M2JjN2M0YzAiOnsiY3JlYXRlIjoxODAwMDAwMDAwMDAwLCJkZWxldGUiOjE4MDAwMDAwMDAwMDAsInJlYWQiOjMwMDAwMDAwMDAwMCwidXBkYXRlIjoxODAwMDAwMDAwMDAwfX0=",
          "dependencies": [
            "azurerm_public_ip.myPublicIp1",
            "azurerm_resource_group.rg",
            "azurerm_subnet.mySubnet",
            "azurerm_virtual_network.myNet"
          ]
        },
        {
          "index_key": 3,
          "schema_version": 0,
          "attributes": {
            "applied_dns_servers": [],
            "dns_servers": [],
            "enable_accelerated_networking": false,
            "enable_ip_forwarding": false,
            "id": "/subscriptions/b7a988b6-bf36-4262-9264-885c2c07cf93/resourceGroups/rggroupcp2fr770/providers/Microsoft.Network/networkInterfaces/nic-nfs",
            "internal_dns_name_label": "",
            "internal_domain_name_suffix": "ouvhpefahihuxmhk15sovmlvlh.ax.internal.cloudapp.net",
            "ip_configuration": [
              {
                "name": "ipconf-nfs",
                "primary": true,
                "private_ip_address": "10.0.1.13",
                "private_ip_address_allocation": "Static",
                "private_ip_address_version": "IPv4",
                "public_ip_address_id": "/subscriptions/b7a988b6-bf36-4262-9264-885c2c07cf93/resourceGroups/rggroupcp2fr770/providers/Microsoft.Network/publicIPAddresses/vmip-nfs",
                "subnet_id": "/subscriptions/b7a988b6-bf36-4262-9264-885c2c07cf93/resourceGroups/rggroupcp2fr770/providers/Microsoft.Network/virtualNetworks/kubernetesnet/subnets/terraformsubnet"
              }
            ],
            "location": "westeurope",
            "mac_address": "",
            "name": "nic-nfs",
            "private_ip_address": "10.0.1.13",
            "private_ip_addresses": [
              "10.0.1.13"
            ],
            "resource_group_name": "rggroupcp2fr770",
            "tags": {
              "environment": "CP2"
            },
            "timeouts": null,
            "virtual_machine_id": ""
          },
          "sensitive_attributes": [],
          "private": "eyJlMmJmYjczMC1lY2FhLTExZTYtOGY4OC0zNDM2M2JjN2M0YzAiOnsiY3JlYXRlIjoxODAwMDAwMDAwMDAwLCJkZWxldGUiOjE4MDAwMDAwMDAwMDAsInJlYWQiOjMwMDAwMDAwMDAwMCwidXBkYXRlIjoxODAwMDAwMDAwMDAwfX0=",
          "dependencies": [
            "azurerm_public_ip.myPublicIp1",
            "azurerm_resource_group.rg",
            "azurerm_subnet.mySubnet",
            "azurerm_virtual_network.myNet"
          ]
        }
      ]
    },
    {
      "mode": "managed",
      "type": "azurerm_network_interface_security_group_association",
      "name": "mySecGroupAssociation1",
      "provider": "provider[\"registry.terraform.io/hashicorp/azurerm\"]",
      "instances": [
        {
          "index_key": 0,
          "schema_version": 0,
          "attributes": {
            "id": "/subscriptions/b7a988b6-bf36-4262-9264-885c2c07cf93/resourceGroups/rggroupcp2fr770/providers/Microsoft.Network/networkInterfaces/nic-K8master|/subscriptions/b7a988b6-bf36-4262-9264-885c2c07cf93/resourceGroups/rggroupcp2fr770/providers/Microsoft.Network/networkSecurityGroups/sshtraffic",
            "network_interface_id": "/subscriptions/b7a988b6-bf36-4262-9264-885c2c07cf93/resourceGroups/rggroupcp2fr770/providers/Microsoft.Network/networkInterfaces/nic-K8master",
            "network_security_group_id": "/subscriptions/b7a988b6-bf36-4262-9264-885c2c07cf93/resourceGroups/rggroupcp2fr770/providers/Microsoft.Network/networkSecurityGroups/sshtraffic",
            "timeouts": null
          },
          "sensitive_attributes": [],
          "private": "eyJlMmJmYjczMC1lY2FhLTExZTYtOGY4OC0zNDM2M2JjN2M0YzAiOnsiY3JlYXRlIjoxODAwMDAwMDAwMDAwLCJkZWxldGUiOjE4MDAwMDAwMDAwMDAsInJlYWQiOjMwMDAwMDAwMDAwMCwidXBkYXRlIjoxODAwMDAwMDAwMDAwfX0=",
          "dependencies": [
            "azurerm_network_interface.myNic1",
            "azurerm_network_security_group.mySecGroup",
            "azurerm_public_ip.myPublicIp1",
            "azurerm_resource_group.rg",
            "azurerm_subnet.mySubnet",
            "azurerm_virtual_network.myNet"
          ]
        },
        {
          "index_key": 1,
          "schema_version": 0,
          "attributes": {
            "id": "/subscriptions/b7a988b6-bf36-4262-9264-885c2c07cf93/resourceGroups/rggroupcp2fr770/providers/Microsoft.Network/networkInterfaces/nic-K8node01|/subscriptions/b7a988b6-bf36-4262-9264-885c2c07cf93/resourceGroups/rggroupcp2fr770/providers/Microsoft.Network/networkSecurityGroups/sshtraffic",
            "network_interface_id": "/subscriptions/b7a988b6-bf36-4262-9264-885c2c07cf93/resourceGroups/rggroupcp2fr770/providers/Microsoft.Network/networkInterfaces/nic-K8node01",
            "network_security_group_id": "/subscriptions/b7a988b6-bf36-4262-9264-885c2c07cf93/resourceGroups/rggroupcp2fr770/providers/Microsoft.Network/networkSecurityGroups/sshtraffic",
            "timeouts": null
          },
          "sensitive_attributes": [],
          "private": "eyJlMmJmYjczMC1lY2FhLTExZTYtOGY4OC0zNDM2M2JjN2M0YzAiOnsiY3JlYXRlIjoxODAwMDAwMDAwMDAwLCJkZWxldGUiOjE4MDAwMDAwMDAwMDAsInJlYWQiOjMwMDAwMDAwMDAwMCwidXBkYXRlIjoxODAwMDAwMDAwMDAwfX0=",
          "dependencies": [
            "azurerm_network_interface.myNic1",
            "azurerm_network_security_group.mySecGroup",
            "azurerm_public_ip.myPublicIp1",
            "azurerm_resource_group.rg",
            "azurerm_subnet.mySubnet",
            "azurerm_virtual_network.myNet"
          ]
        },
        {
          "index_key": 2,
          "schema_version": 0,
          "attributes": {
            "id": "/subscriptions/b7a988b6-bf36-4262-9264-885c2c07cf93/resourceGroups/rggroupcp2fr770/providers/Microsoft.Network/networkInterfaces/nic-K8node02|/subscriptions/b7a988b6-bf36-4262-9264-885c2c07cf93/resourceGroups/rggroupcp2fr770/providers/Microsoft.Network/networkSecurityGroups/sshtraffic",
            "network_interface_id": "/subscriptions/b7a988b6-bf36-4262-9264-885c2c07cf93/resourceGroups/rggroupcp2fr770/providers/Microsoft.Network/networkInterfaces/nic-K8node02",
            "network_security_group_id": "/subscriptions/b7a988b6-bf36-4262-9264-885c2c07cf93/resourceGroups/rggroupcp2fr770/providers/Microsoft.Network/networkSecurityGroups/sshtraffic",
            "timeouts": null
          },
          "sensitive_attributes": [],
          "private": "eyJlMmJmYjczMC1lY2FhLTExZTYtOGY4OC0zNDM2M2JjN2M0YzAiOnsiY3JlYXRlIjoxODAwMDAwMDAwMDAwLCJkZWxldGUiOjE4MDAwMDAwMDAwMDAsInJlYWQiOjMwMDAwMDAwMDAwMCwidXBkYXRlIjoxODAwMDAwMDAwMDAwfX0=",
          "dependencies": [
            "azurerm_network_interface.myNic1",
            "azurerm_network_security_group.mySecGroup",
            "azurerm_public_ip.myPublicIp1",
            "azurerm_resource_group.rg",
            "azurerm_subnet.mySubnet",
            "azurerm_virtual_network.myNet"
          ]
        },
        {
          "index_key": 3,
          "schema_version": 0,
          "attributes": {
            "id": "/subscriptions/b7a988b6-bf36-4262-9264-885c2c07cf93/resourceGroups/rggroupcp2fr770/providers/Microsoft.Network/networkInterfaces/nic-nfs|/subscriptions/b7a988b6-bf36-4262-9264-885c2c07cf93/resourceGroups/rggroupcp2fr770/providers/Microsoft.Network/networkSecurityGroups/sshtraffic",
            "network_interface_id": "/subscriptions/b7a988b6-bf36-4262-9264-885c2c07cf93/resourceGroups/rggroupcp2fr770/providers/Microsoft.Network/networkInterfaces/nic-nfs",
            "network_security_group_id": "/subscriptions/b7a988b6-bf36-4262-9264-885c2c07cf93/resourceGroups/rggroupcp2fr770/providers/Microsoft.Network/networkSecurityGroups/sshtraffic",
            "timeouts": null
          },
          "sensitive_attributes": [],
          "private": "eyJlMmJmYjczMC1lY2FhLTExZTYtOGY4OC0zNDM2M2JjN2M0YzAiOnsiY3JlYXRlIjoxODAwMDAwMDAwMDAwLCJkZWxldGUiOjE4MDAwMDAwMDAwMDAsInJlYWQiOjMwMDAwMDAwMDAwMCwidXBkYXRlIjoxODAwMDAwMDAwMDAwfX0=",
          "dependencies": [
            "azurerm_network_interface.myNic1",
            "azurerm_network_security_group.mySecGroup",
            "azurerm_public_ip.myPublicIp1",
            "azurerm_resource_group.rg",
            "azurerm_subnet.mySubnet",
            "azurerm_virtual_network.myNet"
          ]
        }
      ]
    },
    {
      "mode": "managed",
      "type": "azurerm_network_security_group",
      "name": "mySecGroup",
      "provider": "provider[\"registry.terraform.io/hashicorp/azurerm\"]",
      "instances": [
        {
          "schema_version": 0,
          "attributes": {
            "id": "/subscriptions/b7a988b6-bf36-4262-9264-885c2c07cf93/resourceGroups/rggroupcp2fr770/providers/Microsoft.Network/networkSecurityGroups/sshtraffic",
            "location": "westeurope",
            "name": "sshtraffic",
            "resource_group_name": "rggroupcp2fr770",
            "security_rule": [
              {
                "access": "Allow",
                "description": "",
                "destination_address_prefix": "*",
                "destination_address_prefixes": [],
                "destination_application_security_group_ids": [],
                "destination_port_range": "22",
                "destination_port_ranges": [],
                "direction": "Inbound",
                "name": "SSH",
                "priority": 1001,
                "protocol": "Tcp",
                "source_address_prefix": "*",
                "source_address_prefixes": [],
                "source_application_security_group_ids": [],
                "source_port_range": "*",
                "source_port_ranges": []
              }
            ],
            "tags": {
              "environment": "CP2"
            },
            "timeouts": null
          },
          "sensitive_attributes": [],
          "private": "eyJlMmJmYjczMC1lY2FhLTExZTYtOGY4OC0zNDM2M2JjN2M0YzAiOnsiY3JlYXRlIjoxODAwMDAwMDAwMDAwLCJkZWxldGUiOjE4MDAwMDAwMDAwMDAsInJlYWQiOjMwMDAwMDAwMDAwMCwidXBkYXRlIjoxODAwMDAwMDAwMDAwfX0=",
          "dependencies": [
            "azurerm_resource_group.rg"
          ]
        }
      ]
    },
    {
      "mode": "managed",
      "type": "azurerm_public_ip",
      "name": "myPublicIp1",
      "provider": "provider[\"registry.terraform.io/hashicorp/azurerm\"]",
      "instances": [
        {
          "index_key": 0,
          "schema_version": 0,
          "attributes": {
            "allocation_method": "Dynamic",
            "domain_name_label": null,
            "fqdn": null,
            "id": "/subscriptions/b7a988b6-bf36-4262-9264-885c2c07cf93/resourceGroups/rggroupcp2fr770/providers/Microsoft.Network/publicIPAddresses/vmip-K8master",
            "idle_timeout_in_minutes": 4,
            "ip_address": "",
            "ip_version": "IPv4",
            "location": "westeurope",
            "name": "vmip-K8master",
            "public_ip_prefix_id": null,
            "resource_group_name": "rggroupcp2fr770",
            "reverse_fqdn": null,
            "sku": "Basic",
            "tags": {
              "environment": "CP2"
            },
            "timeouts": null,
            "zones": null
          },
          "sensitive_attributes": [],
          "private": "eyJlMmJmYjczMC1lY2FhLTExZTYtOGY4OC0zNDM2M2JjN2M0YzAiOnsiY3JlYXRlIjoxODAwMDAwMDAwMDAwLCJkZWxldGUiOjE4MDAwMDAwMDAwMDAsInJlYWQiOjMwMDAwMDAwMDAwMCwidXBkYXRlIjoxODAwMDAwMDAwMDAwfX0=",
          "dependencies": [
            "azurerm_resource_group.rg"
          ]
        },
        {
          "index_key": 1,
          "schema_version": 0,
          "attributes": {
            "allocation_method": "Dynamic",
            "domain_name_label": null,
            "fqdn": null,
            "id": "/subscriptions/b7a988b6-bf36-4262-9264-885c2c07cf93/resourceGroups/rggroupcp2fr770/providers/Microsoft.Network/publicIPAddresses/vmip-K8node01",
            "idle_timeout_in_minutes": 4,
            "ip_address": "",
            "ip_version": "IPv4",
            "location": "westeurope",
            "name": "vmip-K8node01",
            "public_ip_prefix_id": null,
            "resource_group_name": "rggroupcp2fr770",
            "reverse_fqdn": null,
            "sku": "Basic",
            "tags": {
              "environment": "CP2"
            },
            "timeouts": null,
            "zones": null
          },
          "sensitive_attributes": [],
          "private": "eyJlMmJmYjczMC1lY2FhLTExZTYtOGY4OC0zNDM2M2JjN2M0YzAiOnsiY3JlYXRlIjoxODAwMDAwMDAwMDAwLCJkZWxldGUiOjE4MDAwMDAwMDAwMDAsInJlYWQiOjMwMDAwMDAwMDAwMCwidXBkYXRlIjoxODAwMDAwMDAwMDAwfX0=",
          "dependencies": [
            "azurerm_resource_group.rg"
          ]
        },
        {
          "index_key": 2,
          "schema_version": 0,
          "attributes": {
            "allocation_method": "Dynamic",
            "domain_name_label": null,
            "fqdn": null,
            "id": "/subscriptions/b7a988b6-bf36-4262-9264-885c2c07cf93/resourceGroups/rggroupcp2fr770/providers/Microsoft.Network/publicIPAddresses/vmip-K8node02",
            "idle_timeout_in_minutes": 4,
            "ip_address": "",
            "ip_version": "IPv4",
            "location": "westeurope",
            "name": "vmip-K8node02",
            "public_ip_prefix_id": null,
            "resource_group_name": "rggroupcp2fr770",
            "reverse_fqdn": null,
            "sku": "Basic",
            "tags": {
              "environment": "CP2"
            },
            "timeouts": null,
            "zones": null
          },
          "sensitive_attributes": [],
          "private": "eyJlMmJmYjczMC1lY2FhLTExZTYtOGY4OC0zNDM2M2JjN2M0YzAiOnsiY3JlYXRlIjoxODAwMDAwMDAwMDAwLCJkZWxldGUiOjE4MDAwMDAwMDAwMDAsInJlYWQiOjMwMDAwMDAwMDAwMCwidXBkYXRlIjoxODAwMDAwMDAwMDAwfX0=",
          "dependencies": [
            "azurerm_resource_group.rg"
          ]
        },
        {
          "index_key": 3,
          "schema_version": 0,
          "attributes": {
            "allocation_method": "Dynamic",
            "domain_name_label": null,
            "fqdn": null,
            "id": "/subscriptions/b7a988b6-bf36-4262-9264-885c2c07cf93/resourceGroups/rggroupcp2fr770/providers/Microsoft.Network/publicIPAddresses/vmip-nfs",
            "idle_timeout_in_minutes": 4,
            "ip_address": "",
            "ip_version": "IPv4",
            "location": "westeurope",
            "name": "vmip-nfs",
            "public_ip_prefix_id": null,
            "resource_group_name": "rggroupcp2fr770",
            "reverse_fqdn": null,
            "sku": "Basic",
            "tags": {
              "environment": "CP2"
            },
            "timeouts": null,
            "zones": null
          },
          "sensitive_attributes": [],
          "private": "eyJlMmJmYjczMC1lY2FhLTExZTYtOGY4OC0zNDM2M2JjN2M0YzAiOnsiY3JlYXRlIjoxODAwMDAwMDAwMDAwLCJkZWxldGUiOjE4MDAwMDAwMDAwMDAsInJlYWQiOjMwMDAwMDAwMDAwMCwidXBkYXRlIjoxODAwMDAwMDAwMDAwfX0=",
          "dependencies": [
            "azurerm_resource_group.rg"
          ]
        }
      ]
    },
    {
      "mode": "managed",
      "type": "azurerm_resource_group",
      "name": "rg",
      "provider": "provider[\"registry.terraform.io/hashicorp/azurerm\"]",
      "instances": [
        {
          "schema_version": 0,
          "attributes": {
            "id": "/subscriptions/b7a988b6-bf36-4262-9264-885c2c07cf93/resourceGroups/rggroupcp2fr770",
            "location": "westeurope",
            "name": "rggroupcp2fr770",
            "tags": {
              "environment": "CP2"
            },
            "timeouts": null
          },
          "sensitive_attributes": [],
          "private": "eyJlMmJmYjczMC1lY2FhLTExZTYtOGY4OC0zNDM2M2JjN2M0YzAiOnsiY3JlYXRlIjo1NDAwMDAwMDAwMDAwLCJkZWxldGUiOjU0MDAwMDAwMDAwMDAsInJlYWQiOjMwMDAwMDAwMDAwMCwidXBkYXRlIjo1NDAwMDAwMDAwMDAwfX0="
        }
      ]
    },
    {
      "mode": "managed",
      "type": "azurerm_storage_account",
      "name": "stAccount",
      "provider": "provider[\"registry.terraform.io/hashicorp/azurerm\"]",
      "instances": [
        {
          "schema_version": 2,
          "attributes": {
            "access_tier": "Hot",
            "account_kind": "StorageV2",
            "account_replication_type": "LRS",
            "account_tier": "Standard",
            "allow_blob_public_access": false,
            "blob_properties": [],
            "custom_domain": [],
            "enable_https_traffic_only": true,
            "id": "/subscriptions/b7a988b6-bf36-4262-9264-885c2c07cf93/resourceGroups/rggroupcp2fr770/providers/Microsoft.Storage/storageAccounts/staccountcp2fr770",
            "identity": [],
            "is_hns_enabled": false,
            "large_file_share_enabled": null,
            "location": "westeurope",
            "min_tls_version": "TLS1_0",
            "name": "staccountcp2fr770",
            "network_rules": [
              {
                "bypass": [
                  "AzureServices"
                ],
                "default_action": "Allow",
                "ip_rules": [],
                "virtual_network_subnet_ids": []
              }
            ],
            "primary_access_key": "TT+/5PBUOtI11c3KjRELUx4fVPDebX1gM+2+14CMzxnvnCVNiaxeM0tk877UBHkshea0gWLv4u6mpcFcsxhOpA==",
            "primary_blob_connection_string": "DefaultEndpointsProtocol=https;BlobEndpoint=https://staccountcp2fr770.blob.core.windows.net/;AccountName=staccountcp2fr770;AccountKey=TT+/5PBUOtI11c3KjRELUx4fVPDebX1gM+2+14CMzxnvnCVNiaxeM0tk877UBHkshea0gWLv4u6mpcFcsxhOpA==",
            "primary_blob_endpoint": "https://staccountcp2fr770.blob.core.windows.net/",
            "primary_blob_host": "staccountcp2fr770.blob.core.windows.net",
            "primary_connection_string": "DefaultEndpointsProtocol=https;AccountName=staccountcp2fr770;AccountKey=TT+/5PBUOtI11c3KjRELUx4fVPDebX1gM+2+14CMzxnvnCVNiaxeM0tk877UBHkshea0gWLv4u6mpcFcsxhOpA==;EndpointSuffix=core.windows.net",
            "primary_dfs_endpoint": "https://staccountcp2fr770.dfs.core.windows.net/",
            "primary_dfs_host": "staccountcp2fr770.dfs.core.windows.net",
            "primary_file_endpoint": "https://staccountcp2fr770.file.core.windows.net/",
            "primary_file_host": "staccountcp2fr770.file.core.windows.net",
            "primary_location": "westeurope",
            "primary_queue_endpoint": "https://staccountcp2fr770.queue.core.windows.net/",
            "primary_queue_host": "staccountcp2fr770.queue.core.windows.net",
            "primary_table_endpoint": "https://staccountcp2fr770.table.core.windows.net/",
            "primary_table_host": "staccountcp2fr770.table.core.windows.net",
            "primary_web_endpoint": "https://staccountcp2fr770.z6.web.core.windows.net/",
            "primary_web_host": "staccountcp2fr770.z6.web.core.windows.net",
            "queue_properties": [
              {
                "cors_rule": [],
                "hour_metrics": [
                  {
                    "enabled": true,
                    "include_apis": true,
                    "retention_policy_days": 7,
                    "version": "1.0"
                  }
                ],
                "logging": [
                  {
                    "delete": false,
                    "read": false,
                    "retention_policy_days": 0,
                    "version": "1.0",
                    "write": false
                  }
                ],
                "minute_metrics": [
                  {
                    "enabled": false,
                    "include_apis": false,
                    "retention_policy_days": 0,
                    "version": "1.0"
                  }
                ]
              }
            ],
            "resource_group_name": "rggroupcp2fr770",
            "secondary_access_key": "xmGQ3UWMuS+QXe0unBYL743/HcXFuPau8EbfUoc6K1Id9SPJ8U2qp8OarnJfjCCfthY+OWWcC0DTTgHXBnmi6A==",
            "secondary_blob_connection_string": "",
            "secondary_blob_endpoint": null,
            "secondary_blob_host": null,
            "secondary_connection_string": "DefaultEndpointsProtocol=https;AccountName=staccountcp2fr770;AccountKey=xmGQ3UWMuS+QXe0unBYL743/HcXFuPau8EbfUoc6K1Id9SPJ8U2qp8OarnJfjCCfthY+OWWcC0DTTgHXBnmi6A==;EndpointSuffix=core.windows.net",
            "secondary_dfs_endpoint": null,
            "secondary_dfs_host": null,
            "secondary_file_endpoint": null,
            "secondary_file_host": null,
            "secondary_location": "",
            "secondary_queue_endpoint": null,
            "secondary_queue_host": null,
            "secondary_table_endpoint": null,
            "secondary_table_host": null,
            "secondary_web_endpoint": null,
            "secondary_web_host": null,
            "static_website": [],
            "tags": {
              "environment": "CP2"
            },
            "timeouts": null
          },
          "sensitive_attributes": [],
          "private": "eyJlMmJmYjczMC1lY2FhLTExZTYtOGY4OC0zNDM2M2JjN2M0YzAiOnsiY3JlYXRlIjozNjAwMDAwMDAwMDAwLCJkZWxldGUiOjM2MDAwMDAwMDAwMDAsInJlYWQiOjMwMDAwMDAwMDAwMCwidXBkYXRlIjozNjAwMDAwMDAwMDAwfSwic2NoZW1hX3ZlcnNpb24iOiIyIn0=",
          "dependencies": [
            "azurerm_resource_group.rg"
          ]
        }
      ]
    },
    {
      "mode": "managed",
      "type": "azurerm_subnet",
      "name": "mySubnet",
      "provider": "provider[\"registry.terraform.io/hashicorp/azurerm\"]",
      "instances": [
        {
          "schema_version": 0,
          "attributes": {
            "address_prefix": "10.0.1.0/24",
            "address_prefixes": [
              "10.0.1.0/24"
            ],
            "delegation": [],
            "enforce_private_link_endpoint_network_policies": false,
            "enforce_private_link_service_network_policies": false,
            "id": "/subscriptions/b7a988b6-bf36-4262-9264-885c2c07cf93/resourceGroups/rggroupcp2fr770/providers/Microsoft.Network/virtualNetworks/kubernetesnet/subnets/terraformsubnet",
            "name": "terraformsubnet",
            "resource_group_name": "rggroupcp2fr770",
            "service_endpoint_policy_ids": null,
            "service_endpoints": null,
            "timeouts": null,
            "virtual_network_name": "kubernetesnet"
          },
          "sensitive_attributes": [],
          "private": "eyJlMmJmYjczMC1lY2FhLTExZTYtOGY4OC0zNDM2M2JjN2M0YzAiOnsiY3JlYXRlIjoxODAwMDAwMDAwMDAwLCJkZWxldGUiOjE4MDAwMDAwMDAwMDAsInJlYWQiOjMwMDAwMDAwMDAwMCwidXBkYXRlIjoxODAwMDAwMDAwMDAwfX0=",
          "dependencies": [
            "azurerm_resource_group.rg",
            "azurerm_virtual_network.myNet"
          ]
        }
      ]
    },
    {
      "mode": "managed",
      "type": "azurerm_virtual_network",
      "name": "myNet",
      "provider": "provider[\"registry.terraform.io/hashicorp/azurerm\"]",
      "instances": [
        {
          "schema_version": 0,
          "attributes": {
            "address_space": [
              "10.0.0.0/16"
            ],
            "bgp_community": "",
            "ddos_protection_plan": [],
            "dns_servers": null,
            "guid": "90772a75-3aa0-4b0f-b0ea-dfe4eab1755f",
            "id": "/subscriptions/b7a988b6-bf36-4262-9264-885c2c07cf93/resourceGroups/rggroupcp2fr770/providers/Microsoft.Network/virtualNetworks/kubernetesnet",
            "location": "westeurope",
            "name": "kubernetesnet",
            "resource_group_name": "rggroupcp2fr770",
            "subnet": [],
            "tags": {
              "environment": "CP2"
            },
            "timeouts": null,
            "vm_protection_enabled": false
          },
          "sensitive_attributes": [],
          "private": "eyJlMmJmYjczMC1lY2FhLTExZTYtOGY4OC0zNDM2M2JjN2M0YzAiOnsiY3JlYXRlIjoxODAwMDAwMDAwMDAwLCJkZWxldGUiOjE4MDAwMDAwMDAwMDAsInJlYWQiOjMwMDAwMDAwMDAwMCwidXBkYXRlIjoxODAwMDAwMDAwMDAwfX0=",
          "dependencies": [
            "azurerm_resource_group.rg"
          ]
        }
      ]
    }
  ]
}
